
Microsoft Visual Studio Solution File, Format Version 11.00
# Visual Studio 2010
Project("{FAE04EC0-301F-11D3-BF4B-00C04F79EFBC}") = "Assembly-CSharp", "Assembly-CSharp.csproj", "{8FC1B1C7-5646-1098-6548-633436B6C153}"
EndProject
Project("{FAE04EC0-301F-11D3-BF4B-00C04F79EFBC}") = "Assembly-CSharp-Editor", "Assembly-CSharp-Editor.csproj", "{CBF9433B-710D-82C7-D897-15416A5562FE}"
EndProject
Global
	GlobalSection(SolutionConfigurationPlatforms) = preSolution
		Debug|Any CPU = Debug|Any CPU
		Release|Any CPU = Release|Any CPU
	EndGlobalSection
	GlobalSection(ProjectConfigurationPlatforms) = postSolution
		{8FC1B1C7-5646-1098-6548-633436B6C153}.Debug|Any CPU.ActiveCfg = Debug|Any CPU
		{8FC1B1C7-5646-1098-6548-633436B6C153}.Debug|Any CPU.Build.0 = Debug|Any CPU
		{8FC1B1C7-5646-1098-6548-633436B6C153}.Release|Any CPU.ActiveCfg = Release|Any CPU
		{8FC1B1C7-5646-1098-6548-633436B6C153}.Release|Any CPU.Build.0 = Release|Any CPU
		{CBF9433B-710D-82C7-D897-15416A5562FE}.Debug|Any CPU.ActiveCfg = Debug|Any CPU
		{CBF9433B-710D-82C7-D897-15416A5562FE}.Debug|Any CPU.Build.0 = Debug|Any CPU
		{CBF9433B-710D-82C7-D897-15416A5562FE}.Release|Any CPU.ActiveCfg = Release|Any CPU
		{CBF9433B-710D-82C7-D897-15416A5562FE}.Release|Any CPU.Build.0 = Release|Any CPU
	EndGlobalSection
	GlobalSection(SolutionProperties) = preSolution
		HideSolutionNode = FALSE
	EndGlobalSection
	GlobalSection(MonoDevelopProperties) = preSolution
		StartupItem = Assembly-CSharp.csproj
	EndGlobalSection
EndGlobal
